// !$*UTF8*$!
{
	archiveVersion = 1;
	classes = {
	};
	objectVersion = 48;
	objects = {

/* Begin PBXBuildFile section */
		E8D6E3BC2018D195003A61F0 /* AppDelegate.swift in Sources */ = {isa = PBXBuildFile; fileRef = E8D6E3BB2018D195003A61F0 /* AppDelegate.swift */; };
		E8D6E3BE2018D195003A61F0 /* ViewController.swift in Sources */ = {isa = PBXBuildFile; fileRef = E8D6E3BD2018D195003A61F0 /* ViewController.swift */; };
		E8D6E3C12018D196003A61F0 /* Main.storyboard in Resources */ = {isa = PBXBuildFile; fileRef = E8D6E3BF2018D195003A61F0 /* Main.storyboard */; };
		E8D6E3C32018D196003A61F0 /* Assets.xcassets in Resources */ = {isa = PBXBuildFile; fileRef = E8D6E3C22018D196003A61F0 /* Assets.xcassets */; };
		E8D6E3C62018D196003A61F0 /* LaunchScreen.storyboard in Resources */ = {isa = PBXBuildFile; fileRef = E8D6E3C42018D196003A61F0 /* LaunchScreen.storyboard */; };
		ED3D3510201970B6007A1AFF /* ProfileViewModel.swift in Sources */ = {isa = PBXBuildFile; fileRef = ED3D350F201970B6007A1AFF /* ProfileViewModel.swift */; };
		ED3D3512201970CF007A1AFF /* ProfileModel.swift in Sources */ = {isa = PBXBuildFile; fileRef = ED3D3511201970CF007A1AFF /* ProfileModel.swift */; };
		ED3D351820197EC1007A1AFF /* NamePictureCell.swift in Sources */ = {isa = PBXBuildFile; fileRef = ED3D351620197EC1007A1AFF /* NamePictureCell.swift */; };
		ED3D351920197EC1007A1AFF /* NamePictureCell.xib in Resources */ = {isa = PBXBuildFile; fileRef = ED3D351720197EC1007A1AFF /* NamePictureCell.xib */; };
		ED3D351E20197EE3007A1AFF /* EmailCell.swift in Sources */ = {isa = PBXBuildFile; fileRef = ED3D351C20197EE3007A1AFF /* EmailCell.swift */; };
		ED3D351F20197EE3007A1AFF /* EmailCell.xib in Resources */ = {isa = PBXBuildFile; fileRef = ED3D351D20197EE3007A1AFF /* EmailCell.xib */; };
		ED3D352220197EF2007A1AFF /* AboutCell.swift in Sources */ = {isa = PBXBuildFile; fileRef = ED3D352020197EF2007A1AFF /* AboutCell.swift */; };
		ED3D352320197EF2007A1AFF /* AboutCell.xib in Resources */ = {isa = PBXBuildFile; fileRef = ED3D352120197EF2007A1AFF /* AboutCell.xib */; };
		ED3D352620197F07007A1AFF /* FriendCell.swift in Sources */ = {isa = PBXBuildFile; fileRef = ED3D352420197F07007A1AFF /* FriendCell.swift */; };
		ED3D352720197F07007A1AFF /* FriendCell.xib in Resources */ = {isa = PBXBuildFile; fileRef = ED3D352520197F07007A1AFF /* FriendCell.xib */; };
		ED3D352A20197F1A007A1AFF /* AttributeCell.swift in Sources */ = {isa = PBXBuildFile; fileRef = ED3D352820197F1A007A1AFF /* AttributeCell.swift */; };
		ED3D352B20197F1A007A1AFF /* AttributeCell.xib in Resources */ = {isa = PBXBuildFile; fileRef = ED3D352920197F1A007A1AFF /* AttributeCell.xib */; };
		ED3D352D201985A8007A1AFF /* ServerData.json in Resources */ = {isa = PBXBuildFile; fileRef = ED3D352C201985A8007A1AFF /* ServerData.json */; };
		ED3D356A201ACC38007A1AFF /* HeaderView.swift in Sources */ = {isa = PBXBuildFile; fileRef = ED3D3569201ACC38007A1AFF /* HeaderView.swift */; };
		ED3D356C201ACC4A007A1AFF /* HeaderView.xib in Resources */ = {isa = PBXBuildFile; fileRef = ED3D356B201ACC4A007A1AFF /* HeaderView.xib */; };
/* End PBXBuildFile section */

/* Begin PBXFileReference section */
		E8D6E3B82018D195003A61F0 /* MultipleCellDemo.app */ = {isa = PBXFileReference; explicitFileType = wrapper.application; includeInIndex = 0; path = MultipleCellDemo.app; sourceTree = BUILT_PRODUCTS_DIR; };
		E8D6E3BB2018D195003A61F0 /* AppDelegate.swift */ = {isa = PBXFileReference; lastKnownFileType = sourcecode.swift; path = AppDelegate.swift; sourceTree = "<group>"; };
		E8D6E3BD2018D195003A61F0 /* ViewController.swift */ = {isa = PBXFileReference; lastKnownFileType = sourcecode.swift; path = ViewController.swift; sourceTree = "<group>"; };
		E8D6E3C02018D195003A61F0 /* Base */ = {isa = PBXFileReference; lastKnownFileType = file.storyboard; name = Base; path = Base.lproj/Main.storyboard; sourceTree = "<group>"; };
		E8D6E3C22018D196003A61F0 /* Assets.xcassets */ = {isa = PBXFileReference; lastKnownFileType = folder.assetcatalog; path = Assets.xcassets; sourceTree = "<group>"; };
		E8D6E3C52018D196003A61F0 /* Base */ = {isa = PBXFileReference; lastKnownFileType = file.storyboard; name = Base; path = Base.lproj/LaunchScreen.storyboard; sourceTree = "<group>"; };
		E8D6E3C72018D196003A61F0 /* Info.plist */ = {isa = PBXFileReference; lastKnownFileType = text.plist.xml; path = Info.plist; sourceTree = "<group>"; };
		ED3D350F201970B6007A1AFF /* ProfileViewModel.swift */ = {isa = PBXFileReference; lastKnownFileType = sourcecode.swift; path = ProfileViewModel.swift; sourceTree = "<group>"; };
		ED3D3511201970CF007A1AFF /* ProfileModel.swift */ = {isa = PBXFileReference; lastKnownFileType = sourcecode.swift; path = ProfileModel.swift; sourceTree = "<group>"; };
		ED3D351620197EC1007A1AFF /* NamePictureCell.swift */ = {isa = PBXFileReference; lastKnownFileType = sourcecode.swift; path = NamePictureCell.swift; sourceTree = "<group>"; };
		ED3D351720197EC1007A1AFF /* NamePictureCell.xib */ = {isa = PBXFileReference; lastKnownFileType = file.xib; path = NamePictureCell.xib; sourceTree = "<group>"; };
		ED3D351C20197EE3007A1AFF /* EmailCell.swift */ = {isa = PBXFileReference; lastKnownFileType = sourcecode.swift; path = EmailCell.swift; sourceTree = "<group>"; };
		ED3D351D20197EE3007A1AFF /* EmailCell.xib */ = {isa = PBXFileReference; lastKnownFileType = file.xib; path = EmailCell.xib; sourceTree = "<group>"; };
		ED3D352020197EF2007A1AFF /* AboutCell.swift */ = {isa = PBXFileReference; lastKnownFileType = sourcecode.swift; path = AboutCell.swift; sourceTree = "<group>"; };
		ED3D352120197EF2007A1AFF /* AboutCell.xib */ = {isa = PBXFileReference; lastKnownFileType = file.xib; path = AboutCell.xib; sourceTree = "<group>"; };
		ED3D352420197F07007A1AFF /* FriendCell.swift */ = {isa = PBXFileReference; lastKnownFileType = sourcecode.swift; path = FriendCell.swift; sourceTree = "<group>"; };
		ED3D352520197F07007A1AFF /* FriendCell.xib */ = {isa = PBXFileReference; lastKnownFileType = file.xib; path = FriendCell.xib; sourceTree = "<group>"; };
		ED3D352820197F1A007A1AFF /* AttributeCell.swift */ = {isa = PBXFileReference; lastKnownFileType = sourcecode.swift; path = AttributeCell.swift; sourceTree = "<group>"; };
		ED3D352920197F1A007A1AFF /* AttributeCell.xib */ = {isa = PBXFileReference; lastKnownFileType = file.xib; path = AttributeCell.xib; sourceTree = "<group>"; };
		ED3D352C201985A8007A1AFF /* ServerData.json */ = {isa = PBXFileReference; fileEncoding = 4; lastKnownFileType = text.json; path = ServerData.json; sourceTree = "<group>"; };
		ED3D3569201ACC38007A1AFF /* HeaderView.swift */ = {isa = PBXFileReference; lastKnownFileType = sourcecode.swift; path = HeaderView.swift; sourceTree = "<group>"; };
		ED3D356B201ACC4A007A1AFF /* HeaderView.xib */ = {isa = PBXFileReference; lastKnownFileType = file.xib; path = HeaderView.xib; sourceTree = "<group>"; };
/* End PBXFileReference section */

/* Begin PBXFrameworksBuildPhase section */
		E8D6E3B52018D195003A61F0 /* Frameworks */ = {
			isa = PBXFrameworksBuildPhase;
			buildActionMask = 2147483647;
			files = (
			);
			runOnlyForDeploymentPostprocessing = 0;
		};
/* End PBXFrameworksBuildPhase section */

/* Begin PBXGroup section */
		E8D6E3AF2018D195003A61F0 = {
			isa = PBXGroup;
			children = (
				E8D6E3BA2018D195003A61F0 /* MultipleCellDemo */,
				E8D6E3B92018D195003A61F0 /* Products */,
			);
			sourceTree = "<group>";
		};
		E8D6E3B92018D195003A61F0 /* Products */ = {
			isa = PBXGroup;
			children = (
				E8D6E3B82018D195003A61F0 /* MultipleCellDemo.app */,
			);
			name = Products;
			sourceTree = "<group>";
		};
		E8D6E3BA2018D195003A61F0 /* MultipleCellDemo */ = {
			isa = PBXGroup;
			children = (
				ED3D351320197E78007A1AFF /* TableViewCells */,
				E8D6E3BB2018D195003A61F0 /* AppDelegate.swift */,
				E8D6E3BD2018D195003A61F0 /* ViewController.swift */,
				ED3D3511201970CF007A1AFF /* ProfileModel.swift */,
				ED3D350F201970B6007A1AFF /* ProfileViewModel.swift */,
				ED3D352C201985A8007A1AFF /* ServerData.json */,
				E8D6E3BF2018D195003A61F0 /* Main.storyboard */,
				E8D6E3C22018D196003A61F0 /* Assets.xcassets */,
				E8D6E3C42018D196003A61F0 /* LaunchScreen.storyboard */,
				E8D6E3C72018D196003A61F0 /* Info.plist */,
			);
			path = MultipleCellDemo;
			sourceTree = "<group>";
		};
		ED3D351320197E78007A1AFF /* TableViewCells */ = {
			isa = PBXGroup;
			children = (
				ED3D351620197EC1007A1AFF /* NamePictureCell.swift */,
				ED3D351720197EC1007A1AFF /* NamePictureCell.xib */,
				ED3D351C20197EE3007A1AFF /* EmailCell.swift */,
				ED3D351D20197EE3007A1AFF /* EmailCell.xib */,
				ED3D352020197EF2007A1AFF /* AboutCell.swift */,
				ED3D352120197EF2007A1AFF /* AboutCell.xib */,
				ED3D352420197F07007A1AFF /* FriendCell.swift */,
				ED3D352520197F07007A1AFF /* FriendCell.xib */,
				ED3D352820197F1A007A1AFF /* AttributeCell.swift */,
				ED3D352920197F1A007A1AFF /* AttributeCell.xib */,
				ED3D3569201ACC38007A1AFF /* HeaderView.swift */,
				ED3D356B201ACC4A007A1AFF /* HeaderView.xib */,
			);
			path = TableViewCells;
			sourceTree = "<group>";
		};
/* End PBXGroup section */

/* Begin PBXNativeTarget section */
		E8D6E3B72018D195003A61F0 /* MultipleCellDemo */ = {
			isa = PBXNativeTarget;
			buildConfigurationList = E8D6E3CA2018D196003A61F0 /* Build configuration list for PBXNativeTarget "MultipleCellDemo" */;
			buildPhases = (
				E8D6E3B42018D195003A61F0 /* Sources */,
				E8D6E3B52018D195003A61F0 /* Frameworks */,
				E8D6E3B62018D195003A61F0 /* Resources */,
			);
			buildRules = (
			);
			dependencies = (
			);
			name = MultipleCellDemo;
			productName = MultipleCellDemo;
			productReference = E8D6E3B82018D195003A61F0 /* MultipleCellDemo.app */;
			productType = "com.apple.product-type.application";
		};
/* End PBXNativeTarget section */

/* Begin PBXProject section */
		E8D6E3B02018D195003A61F0 /* Project object */ = {
			isa = PBXProject;
			attributes = {
				LastSwiftUpdateCheck = 0920;
				LastUpgradeCheck = 0920;
				ORGANIZATIONNAME = paradise;
				TargetAttributes = {
					E8D6E3B72018D195003A61F0 = {
						CreatedOnToolsVersion = 9.2;
						ProvisioningStyle = Automatic;
					};
				};
			};
			buildConfigurationList = E8D6E3B32018D195003A61F0 /* Build configuration list for PBXProject "MultipleCellDemo" */;
			compatibilityVersion = "Xcode 8.0";
			developmentRegion = en;
			hasScannedForEncodings = 0;
			knownRegions = (
				en,
				Base,
			);
			mainGroup = E8D6E3AF2018D195003A61F0;
			productRefGroup = E8D6E3B92018D195003A61F0 /* Products */;
			projectDirPath = "";
			projectRoot = "";
			targets = (
				E8D6E3B72018D195003A61F0 /* MultipleCellDemo */,
			);
		};
/* End PBXProject section */

/* Begin PBXResourcesBuildPhase section */
		E8D6E3B62018D195003A61F0 /* Resources */ = {
			isa = PBXResourcesBuildPhase;
			buildActionMask = 2147483647;
			files = (
				E8D6E3C62018D196003A61F0 /* LaunchScreen.storyboard in Resources */,
				ED3D356C201ACC4A007A1AFF /* HeaderView.xib in Resources */,
				ED3D352D201985A8007A1AFF /* ServerData.json in Resources */,
				ED3D351F20197EE3007A1AFF /* EmailCell.xib in Resources */,
				ED3D351920197EC1007A1AFF /* NamePictureCell.xib in Resources */,
				ED3D352720197F07007A1AFF /* FriendCell.xib in Resources */,
				ED3D352320197EF2007A1AFF /* AboutCell.xib in Resources */,
				E8D6E3C32018D196003A61F0 /* Assets.xcassets in Resources */,
				ED3D352B20197F1A007A1AFF /* AttributeCell.xib in Resources */,
				E8D6E3C12018D196003A61F0 /* Main.storyboard in Resources */,
			);
			runOnlyForDeploymentPostprocessing = 0;
		};
/* End PBXResourcesBuildPhase section */

/* Begin PBXSourcesBuildPhase section */
		E8D6E3B42018D195003A61F0 /* Sources */ = {
			isa = PBXSourcesBuildPhase;
			buildActionMask = 2147483647;
			files = (
				E8D6E3BE2018D195003A61F0 /* ViewController.swift in Sources */,
				ED3D3510201970B6007A1AFF /* ProfileViewModel.swift in Sources */,
				E8D6E3BC2018D195003A61F0 /* AppDelegate.swift in Sources */,
				ED3D352620197F07007A1AFF /* FriendCell.swift in Sources */,
				ED3D351820197EC1007A1AFF /* NamePictureCell.swift in Sources */,
				ED3D356A201ACC38007A1AFF /* HeaderView.swift in Sources */,
				ED3D351E20197EE3007A1AFF /* EmailCell.swift in Sources */,
				ED3D3512201970CF007A1AFF /* ProfileModel.swift in Sources */,
				ED3D352A20197F1A007A1AFF /* AttributeCell.swift in Sources */,
				ED3D352220197EF2007A1AFF /* AboutCell.swift in Sources */,
			);
			runOnlyForDeploymentPostprocessing = 0;
		};
/* End PBXSourcesBuildPhase section */

/* Begin PBXVariantGroup section */
		E8D6E3BF2018D195003A61F0 /* Main.storyboard */ = {
			isa = PBXVariantGroup;
			children = (
				E8D6E3C02018D195003A61F0 /* Base */,
			);
			name = Main.storyboard;
			sourceTree = "<group>";
		};
		E8D6E3C42018D196003A61F0 /* LaunchScreen.storyboard */ = {
			isa = PBXVariantGroup;
			children = (
				E8D6E3C52018D196003A61F0 /* Base */,
			);
			name = LaunchScreen.storyboard;
			sourceTree = "<group>";
		};
/* End PBXVariantGroup section */

/* Begin XCBuildConfiguration section */
		E8D6E3C82018D196003A61F0 /* Debug */ = {
			isa = XCBuildConfiguration;
			buildSettings = {
				ALWAYS_SEARCH_USER_PATHS = NO;
				CLANG_ANALYZER_NONNULL = YES;
				CLANG_ANALYZER_NUMBER_OBJECT_CONVERSION = YES_AGGRESSIVE;
				CLANG_CXX_LANGUAGE_STANDARD = "gnu++14";
				CLANG_CXX_LIBRARY = "libc++";
				CLANG_ENABLE_MODULES = YES;
				CLANG_ENABLE_OBJC_ARC = YES;
				CLANG_WARN_BLOCK_CAPTURE_AUTORELEASING = YES;
				CLANG_WARN_BOOL_CONVERSION = YES;
				CLANG_WARN_COMMA = YES;
				CLANG_WARN_CONSTANT_CONVERSION = YES;
				CLANG_WARN_DIRECT_OBJC_ISA_USAGE = YES_ERROR;
				CLANG_WARN_DOCUMENTATION_COMMENTS = YES;
				CLANG_WARN_EMPTY_BODY = YES;
				CLANG_WARN_ENUM_CONVERSION = YES;
				CLANG_WARN_INFINITE_RECURSION = YES;
				CLANG_WARN_INT_CONVERSION = YES;
				CLANG_WARN_NON_LITERAL_NULL_CONVERSION = YES;
				CLANG_WARN_OBJC_LITERAL_CONVERSION = YES;
				CLANG_WARN_OBJC_ROOT_CLASS = YES_ERROR;
				CLANG_WARN_RANGE_LOOP_ANALYSIS = YES;
				CLANG_WARN_STRICT_PROTOTYPES = YES;
				CLANG_WARN_SUSPICIOUS_MOVE = YES;
				CLANG_WARN_UNGUARDED_AVAILABILITY = YES_AGGRESSIVE;
				CLANG_WARN_UNREACHABLE_CODE = YES;
				CLANG_WARN__DUPLICATE_METHOD_MATCH = YES;
				CODE_SIGN_IDENTITY = "iPhone Developer";
				COPY_PHASE_STRIP = NO;
				DEBUG_INFORMATION_FORMAT = dwarf;
				ENABLE_STRICT_OBJC_MSGSEND = YES;
				ENABLE_TESTABILITY = YES;
				GCC_C_LANGUAGE_STANDARD = gnu11;
				GCC_DYNAMIC_NO_PIC = NO;
				GCC_NO_COMMON_BLOCKS = YES;
				GCC_OPTIMIZATION_LEVEL = 0;
				GCC_PREPROCESSOR_DEFINITIONS = (
					"DEBUG=1",
					"$(inherited)",
				);
				GCC_WARN_64_TO_32_BIT_CONVERSION = YES;
				GCC_WARN_ABOUT_RETURN_TYPE = YES_ERROR;
				GCC_WARN_UNDECLARED_SELECTOR = YES;
				GCC_WARN_UNINITIALIZED_AUTOS = YES_AGGRESSIVE;
				GCC_WARN_UNUSED_FUNCTION = YES;
				GCC_WARN_UNUSED_VARIABLE = YES;
				IPHONEOS_DEPLOYMENT_TARGET = 11.2;
				MTL_ENABLE_DEBUG_INFO = YES;
				ONLY_ACTIVE_ARCH = YES;
				SDKROOT = iphoneos;
				SWIFT_ACTIVE_COMPILATION_CONDITIONS = DEBUG;
				SWIFT_OPTIMIZATION_LEVEL = "-Onone";
			};
			name = Debug;
		};
		E8D6E3C92018D196003A61F0 /* Release */ = {
			isa = XCBuildConfiguration;
			buildSettings = {
				ALWAYS_SEARCH_USER_PATHS = NO;
				CLANG_ANALYZER_NONNULL = YES;
				CLANG_ANALYZER_NUMBER_OBJECT_CONVERSION = YES_AGGRESSIVE;
				CLANG_CXX_LANGUAGE_STANDARD = "gnu++14";
				CLANG_CXX_LIBRARY = "libc++";
				CLANG_ENABLE_MODULES = YES;
				CLANG_ENABLE_OBJC_ARC = YES;
				CLANG_WARN_BLOCK_CAPTURE_AUTORELEASING = YES;
				CLANG_WARN_BOOL_CONVERSION = YES;
				CLANG_WARN_COMMA = YES;
				CLANG_WARN_CONSTANT_CONVERSION = YES;
				CLANG_WARN_DIRECT_OBJC_ISA_USAGE = YES_ERROR;
				CLANG_WARN_DOCUMENTATION_COMMENTS = YES;
				CLANG_WARN_EMPTY_BODY = YES;
				CLANG_WARN_ENUM_CONVERSION = YES;
				CLANG_WARN_INFINITE_RECURSION = YES;
				CLANG_WARN_INT_CONVERSION = YES;
				CLANG_WARN_NON_LITERAL_NULL_CONVERSION = YES;
				CLANG_WARN_OBJC_LITERAL_CONVERSION = YES;
				CLANG_WARN_OBJC_ROOT_CLASS = YES_ERROR;
				CLANG_WARN_RANGE_LOOP_ANALYSIS = YES;
				CLANG_WARN_STRICT_PROTOTYPES = YES;
				CLANG_WARN_SUSPICIOUS_MOVE = YES;
				CLANG_WARN_UNGUARDED_AVAILABILITY = YES_AGGRESSIVE;
				CLANG_WARN_UNREACHABLE_CODE = YES;
				CLANG_WARN__DUPLICATE_METHOD_MATCH = YES;
				CODE_SIGN_IDENTITY = "iPhone Developer";
				COPY_PHASE_STRIP = NO;
				DEBUG_INFORMATION_FORMAT = "dwarf-with-dsym";
				ENABLE_NS_ASSERTIONS = NO;
				ENABLE_STRICT_OBJC_MSGSEND = YES;
				GCC_C_LANGUAGE_STANDARD = gnu11;
				GCC_NO_COMMON_BLOCKS = YES;
				GCC_WARN_64_TO_32_BIT_CONVERSION = YES;
				GCC_WARN_ABOUT_RETURN_TYPE = YES_ERROR;
				GCC_WARN_UNDECLARED_SELECTOR = YES;
				GCC_WARN_UNINITIALIZED_AUTOS = YES_AGGRESSIVE;
				GCC_WARN_UNUSED_FUNCTION = YES;
				GCC_WARN_UNUSED_VARIABLE = YES;
				IPHONEOS_DEPLOYMENT_TARGET = 11.2;
				MTL_ENABLE_DEBUG_INFO = NO;
				SDKROOT = iphoneos;
				SWIFT_OPTIMIZATION_LEVEL = "-Owholemodule";
				VALIDATE_PRODUCT = YES;
			};
			name = Release;
		};
		E8D6E3CB2018D196003A61F0 /* Debug */ = {
			isa = XCBuildConfiguration;
			buildSettings = {
				ASSETCATALOG_COMPILER_APPICON_NAME = AppIcon;
				CODE_SIGN_STYLE = Automatic;
				DEVELOPMENT_TEAM = 77KWY7A5GN;
				INFOPLIST_FILE = MultipleCellDemo/Info.plist;
				IPHONEOS_DEPLOYMENT_TARGET = 9.0;
				LD_RUNPATH_SEARCH_PATHS = "$(inherited) @executable_path/Frameworks";
				PRODUCT_BUNDLE_IDENTIFIER = com.paradise.MultipleCellDemo;
				PRODUCT_NAME = "$(TARGET_NAME)";
				SWIFT_VERSION = 4.0;
				TARGETED_DEVICE_FAMILY = "1,2";
			};
			name = Debug;
		};
		E8D6E3CC2018D196003A61F0 /* Release */ = {
			isa = XCBuildConfiguration;
			buildSettings = {
				ASSETCATALOG_COMPILER_APPICON_NAME = AppIcon;
				CODE_SIGN_STYLE = Automatic;
				DEVELOPMENT_TEAM = 77KWY7A5GN;
				INFOPLIST_FILE = MultipleCellDemo/Info.plist;
				IPHONEOS_DEPLOYMENT_TARGET = 9.0;
				LD_RUNPATH_SEARCH_PATHS = "$(inherited) @executable_path/Frameworks";
				PRODUCT_BUNDLE_IDENTIFIER = com.paradise.MultipleCellDemo;
				PRODUCT_NAME = "$(TARGET_NAME)";
				SWIFT_VERSION = 4.0;
				TARGETED_DEVICE_FAMILY = "1,2";
			};
			name = Release;
		};
/* End XCBuildConfiguration section */

/* Begin XCConfigurationList section */
		E8D6E3B32018D195003A61F0 /* Build configuration list for PBXProject "MultipleCellDemo" */ = {
			isa = XCConfigurationList;
			buildConfigurations = (
				E8D6E3C82018D196003A61F0 /* Debug */,
				E8D6E3C92018D196003A61F0 /* Release */,
			);
			defaultConfigurationIsVisible = 0;
			defaultConfigurationName = Release;
		};
		E8D6E3CA2018D196003A61F0 /* Build configuration list for PBXNativeTarget "MultipleCellDemo" */ = {
			isa = XCConfigurationList;
			buildConfigurations = (
				E8D6E3CB2018D196003A61F0 /* Debug */,
				E8D6E3CC2018D196003A61F0 /* Release */,
			);
			defaultConfigurationIsVisible = 0;
			defaultConfigurationName = Release;
		};
/* End XCConfigurationList section */
	};
	rootObject = E8D6E3B02018D195003A61F0 /* Project object */;
}
